
Microsoft Visual Studio Solution File, Format Version 12.00
# Visual Studio Version 17
VisualStudioVersion = 17.10.35122.118
MinimumVisualStudioVersion = 10.0.40219.1
Project("{FAE04EC0-301F-11D3-BF4B-00C04F79EFBC}") = "SPEmbededTest", "SPEmbededTest.csproj", "{80A4D009-0B70-4679-A3C5-4BBCDEA8EFDE}"
EndProject
Global
	GlobalSection(SolutionConfigurationPlatforms) = preSolution
		Debug|Any CPU = Debug|Any CPU
		Release|Any CPU = Release|Any CPU
	EndGlobalSection
	GlobalSection(ProjectConfigurationPlatforms) = postSolution
		{80A4D009-0B70-4679-A3C5-4BBCDEA8EFDE}.Debug|Any CPU.ActiveCfg = Debug|Any CPU
		{80A4D009-0B70-4679-A3C5-4BBCDEA8EFDE}.Debug|Any CPU.Build.0 = Debug|Any CPU
		{80A4D009-0B70-4679-A3C5-4BBCDEA8EFDE}.Release|Any CPU.ActiveCfg = Release|Any CPU
		{80A4D009-0B70-4679-A3C5-4BBCDEA8EFDE}.Release|Any CPU.Build.0 = Release|Any CPU
	EndGlobalSection
	GlobalSection(SolutionProperties) = preSolution
		HideSolutionNode = FALSE
	EndGlobalSection
	GlobalSection(ExtensibilityGlobals) = postSolution
		SolutionGuid = {7BFC3988-7042-4D91-A3AA-151EA21B4503}
	EndGlobalSection
EndGlobal
